
Microsoft Visual Studio Solution File, Format Version 12.00
# Visual Studio Version 17
VisualStudioVersion = 17.0.31919.166
MinimumVisualStudioVersion = 10.0.40219.1
Project("{FAE04EC0-301F-11D3-BF4B-00C04F79EFBC}") = "lab5", "lab5\lab5.csproj", "{FE48AEB1-F5B0-4AF1-B597-FA89243365B6}"
EndProject
Global
	GlobalSection(SolutionConfigurationPlatforms) = preSolution
		Debug|Any CPU = Debug|Any CPU
		Release|Any CPU = Release|Any CPU
	EndGlobalSection
	GlobalSection(ProjectConfigurationPlatforms) = postSolution
		{FE48AEB1-F5B0-4AF1-B597-FA89243365B6}.Debug|Any CPU.ActiveCfg = Debug|Any CPU
		{FE48AEB1-F5B0-4AF1-B597-FA89243365B6}.Debug|Any CPU.Build.0 = Debug|Any CPU
		{FE48AEB1-F5B0-4AF1-B597-FA89243365B6}.Release|Any CPU.ActiveCfg = Release|Any CPU
		{FE48AEB1-F5B0-4AF1-B597-FA89243365B6}.Release|Any CPU.Build.0 = Release|Any CPU
	EndGlobalSection
	GlobalSection(SolutionProperties) = preSolution
		HideSolutionNode = FALSE
	EndGlobalSection
	GlobalSection(ExtensibilityGlobals) = postSolution
		SolutionGuid = {1F5EF5CD-BF57-4C53-B4CA-993C645C5342}
	EndGlobalSection
EndGlobal
