
Microsoft Visual Studio Solution File, Format Version 12.00
# Visual Studio Version 17
VisualStudioVersion = 17.0.31919.166
MinimumVisualStudioVersion = 10.0.40219.1
Project("{FAE04EC0-301F-11D3-BF4B-00C04F79EFBC}") = "lab3", "lab3\lab3.csproj", "{E5C9C14F-8C55-4C7E-A044-70B960BB0DDC}"
EndProject
Global
	GlobalSection(SolutionConfigurationPlatforms) = preSolution
		Debug|Any CPU = Debug|Any CPU
		Release|Any CPU = Release|Any CPU
	EndGlobalSection
	GlobalSection(ProjectConfigurationPlatforms) = postSolution
		{E5C9C14F-8C55-4C7E-A044-70B960BB0DDC}.Debug|Any CPU.ActiveCfg = Debug|Any CPU
		{E5C9C14F-8C55-4C7E-A044-70B960BB0DDC}.Debug|Any CPU.Build.0 = Debug|Any CPU
		{E5C9C14F-8C55-4C7E-A044-70B960BB0DDC}.Release|Any CPU.ActiveCfg = Release|Any CPU
		{E5C9C14F-8C55-4C7E-A044-70B960BB0DDC}.Release|Any CPU.Build.0 = Release|Any CPU
	EndGlobalSection
	GlobalSection(SolutionProperties) = preSolution
		HideSolutionNode = FALSE
	EndGlobalSection
	GlobalSection(ExtensibilityGlobals) = postSolution
		SolutionGuid = {F2F0EBFD-7633-462F-A3CC-B2960D3E13C2}
	EndGlobalSection
EndGlobal
